// !$*UTF8*$!
{
	archiveVersion = 1;
	classes = {
	};
	objectVersion = 48;
	objects = {

/* Begin PBXBuildFile section */
		111853521FE94CAD00A1BAEF /* AppDelegate.swift in Sources */ = {isa = PBXBuildFile; fileRef = 111853511FE94CAD00A1BAEF /* AppDelegate.swift */; };
		111853541FE94CAD00A1BAEF /* ViewController.swift in Sources */ = {isa = PBXBuildFile; fileRef = 111853531FE94CAD00A1BAEF /* ViewController.swift */; };
		111853571FE94CAD00A1BAEF /* Main.storyboard in Resources */ = {isa = PBXBuildFile; fileRef = 111853551FE94CAD00A1BAEF /* Main.storyboard */; };
		111853591FE94CAD00A1BAEF /* Assets.xcassets in Resources */ = {isa = PBXBuildFile; fileRef = 111853581FE94CAD00A1BAEF /* Assets.xcassets */; };
		1118535C1FE94CAD00A1BAEF /* LaunchScreen.storyboard in Resources */ = {isa = PBXBuildFile; fileRef = 1118535A1FE94CAD00A1BAEF /* LaunchScreen.storyboard */; };
		111853801FEA832B00A1BAEF /* Background.png in Resources */ = {isa = PBXBuildFile; fileRef = 1118537F1FEA832B00A1BAEF /* Background.png */; };
		111853831FEA8FFC00A1BAEF /* O.png in Resources */ = {isa = PBXBuildFile; fileRef = 111853811FEA8FFC00A1BAEF /* O.png */; };
		111853861FEA9B9200A1BAEF /* X.png in Resources */ = {isa = PBXBuildFile; fileRef = 111853851FEA9B9200A1BAEF /* X.png */; };
/* End PBXBuildFile section */

/* Begin PBXContainerItemProxy section */
		111853631FE94CAD00A1BAEF /* PBXContainerItemProxy */ = {
			isa = PBXContainerItemProxy;
			containerPortal = 111853461FE94CAD00A1BAEF /* Project object */;
			proxyType = 1;
			remoteGlobalIDString = 1118534D1FE94CAD00A1BAEF;
			remoteInfo = TicTacToe;
		};
		1118536E1FE94CAD00A1BAEF /* PBXContainerItemProxy */ = {
			isa = PBXContainerItemProxy;
			containerPortal = 111853461FE94CAD00A1BAEF /* Project object */;
			proxyType = 1;
			remoteGlobalIDString = 1118534D1FE94CAD00A1BAEF;
			remoteInfo = TicTacToe;
		};
/* End PBXContainerItemProxy section */

/* Begin PBXFileReference section */
		111853511FE94CAD00A1BAEF /* AppDelegate.swift */ = {isa = PBXFileReference; lastKnownFileType = sourcecode.swift; path = AppDelegate.swift; sourceTree = "<group>"; };
		111853531FE94CAD00A1BAEF /* ViewController.swift */ = {isa = PBXFileReference; lastKnownFileType = sourcecode.swift; path = ViewController.swift; sourceTree = "<group>"; };
		111853561FE94CAD00A1BAEF /* Base */ = {isa = PBXFileReference; lastKnownFileType = file.storyboard; name = Base; path = Base.lproj/Main.storyboard; sourceTree = "<group>"; };
		111853581FE94CAD00A1BAEF /* Assets.xcassets */ = {isa = PBXFileReference; lastKnownFileType = folder.assetcatalog; path = Assets.xcassets; sourceTree = "<group>"; };
		1118535B1FE94CAD00A1BAEF /* Base */ = {isa = PBXFileReference; lastKnownFileType = file.storyboard; name = Base; path = Base.lproj/LaunchScreen.storyboard; sourceTree = "<group>"; };
		1118535D1FE94CAD00A1BAEF /* Info.plist */ = {isa = PBXFileReference; lastKnownFileType = text.plist.xml; path = Info.plist; sourceTree = "<group>"; };
		1118537F1FEA832B00A1BAEF /* Background.png */ = {isa = PBXFileReference; lastKnownFileType = image.png; path = Background.png; sourceTree = "<group>"; };
		111853811FEA8FFC00A1BAEF /* O.png */ = {isa = PBXFileReference; lastKnownFileType = image.png; path = O.png; sourceTree = "<group>"; };
		111853851FEA9B9200A1BAEF /* X.png */ = {isa = PBXFileReference; lastKnownFileType = image.png; path = X.png; sourceTree = "<group>"; };
		11EDCFFC1FEA9ED9005ADB5C /* TicTacToe.app */ = {isa = PBXFileReference; explicitFileType = wrapper.application; includeInIndex = 0; path = TicTacToe.app; sourceTree = BUILT_PRODUCTS_DIR; };
		11EDCFFD1FEA9ED9005ADB5C /* TicTacToeTests.xctest */ = {isa = PBXFileReference; explicitFileType = wrapper.cfbundle; includeInIndex = 0; name = TicTacToeTests.xctest; path = "/Users/junsumoon/Documents/ios Workspace/TicTacToe/build/Debug-iphoneos/TicTacToeTests.xctest"; sourceTree = "<absolute>"; };
		11EDCFFE1FEA9ED9005ADB5C /* TicTacToeUITests.xctest */ = {isa = PBXFileReference; explicitFileType = wrapper.cfbundle; includeInIndex = 0; name = TicTacToeUITests.xctest; path = "/Users/junsumoon/Documents/ios Workspace/TicTacToe/build/Debug-iphoneos/TicTacToeUITests.xctest"; sourceTree = "<absolute>"; };
/* End PBXFileReference section */

/* Begin PBXFrameworksBuildPhase section */
		1118534B1FE94CAD00A1BAEF /* Frameworks */ = {
			isa = PBXFrameworksBuildPhase;
			buildActionMask = 2147483647;
			files = (
			);
			runOnlyForDeploymentPostprocessing = 0;
		};
		1118535F1FE94CAD00A1BAEF /* Frameworks */ = {
			isa = PBXFrameworksBuildPhase;
			buildActionMask = 2147483647;
			files = (
			);
			runOnlyForDeploymentPostprocessing = 0;
		};
		1118536A1FE94CAD00A1BAEF /* Frameworks */ = {
			isa = PBXFrameworksBuildPhase;
			buildActionMask = 2147483647;
			files = (
			);
			runOnlyForDeploymentPostprocessing = 0;
		};
/* End PBXFrameworksBuildPhase section */

/* Begin PBXGroup section */
		111853451FE94CAD00A1BAEF = {
			isa = PBXGroup;
			children = (
				111853501FE94CAD00A1BAEF /* TicTacToe */,
				11EDCFFC1FEA9ED9005ADB5C /* TicTacToe.app */,
			);
			sourceTree = "<group>";
		};
		111853501FE94CAD00A1BAEF /* TicTacToe */ = {
			isa = PBXGroup;
			children = (
				111853511FE94CAD00A1BAEF /* AppDelegate.swift */,
				111853531FE94CAD00A1BAEF /* ViewController.swift */,
				111853551FE94CAD00A1BAEF /* Main.storyboard */,
				111853581FE94CAD00A1BAEF /* Assets.xcassets */,
				1118537F1FEA832B00A1BAEF /* Background.png */,
				111853811FEA8FFC00A1BAEF /* O.png */,
				111853851FEA9B9200A1BAEF /* X.png */,
				1118535A1FE94CAD00A1BAEF /* LaunchScreen.storyboard */,
				1118535D1FE94CAD00A1BAEF /* Info.plist */,
			);
			path = TicTacToe;
			sourceTree = "<group>";
		};
/* End PBXGroup section */

/* Begin PBXNativeTarget section */
		1118534D1FE94CAD00A1BAEF /* TicTacToe */ = {
			isa = PBXNativeTarget;
			buildConfigurationList = 111853761FE94CAD00A1BAEF /* Build configuration list for PBXNativeTarget "TicTacToe" */;
			buildPhases = (
				1118534A1FE94CAD00A1BAEF /* Sources */,
				1118534B1FE94CAD00A1BAEF /* Frameworks */,
				1118534C1FE94CAD00A1BAEF /* Resources */,
			);
			buildRules = (
			);
			dependencies = (
			);
			name = TicTacToe;
			productName = TicTacToe;
			productReference = 11EDCFFC1FEA9ED9005ADB5C /* TicTacToe.app */;
			productType = "com.apple.product-type.application";
		};
		111853611FE94CAD00A1BAEF /* TicTacToeTests */ = {
			isa = PBXNativeTarget;
			buildConfigurationList = 111853791FE94CAD00A1BAEF /* Build configuration list for PBXNativeTarget "TicTacToeTests" */;
			buildPhases = (
				1118535E1FE94CAD00A1BAEF /* Sources */,
				1118535F1FE94CAD00A1BAEF /* Frameworks */,
				111853601FE94CAD00A1BAEF /* Resources */,
			);
			buildRules = (
			);
			dependencies = (
				111853641FE94CAD00A1BAEF /* PBXTargetDependency */,
			);
			name = TicTacToeTests;
			productName = TicTacToeTests;
			productReference = 11EDCFFD1FEA9ED9005ADB5C /* TicTacToeTests.xctest */;
			productType = "com.apple.product-type.bundle.unit-test";
		};
		1118536C1FE94CAD00A1BAEF /* TicTacToeUITests */ = {
			isa = PBXNativeTarget;
			buildConfigurationList = 1118537C1FE94CAD00A1BAEF /* Build configuration list for PBXNativeTarget "TicTacToeUITests" */;
			buildPhases = (
				111853691FE94CAD00A1BAEF /* Sources */,
				1118536A1FE94CAD00A1BAEF /* Frameworks */,
				1118536B1FE94CAD00A1BAEF /* Resources */,
			);
			buildRules = (
			);
			dependencies = (
				1118536F1FE94CAD00A1BAEF /* PBXTargetDependency */,
			);
			name = TicTacToeUITests;
			productName = TicTacToeUITests;
			productReference = 11EDCFFE1FEA9ED9005ADB5C /* TicTacToeUITests.xctest */;
			productType = "com.apple.product-type.bundle.ui-testing";
		};
/* End PBXNativeTarget section */

/* Begin PBXProject section */
		111853461FE94CAD00A1BAEF /* Project object */ = {
			isa = PBXProject;
			attributes = {
				LastSwiftUpdateCheck = 0920;
				LastUpgradeCheck = 0920;
				ORGANIZATIONNAME = "Junsu Mun";
				TargetAttributes = {
					1118534D1FE94CAD00A1BAEF = {
						CreatedOnToolsVersion = 9.2;
						ProvisioningStyle = Automatic;
					};
					111853611FE94CAD00A1BAEF = {
						CreatedOnToolsVersion = 9.2;
						ProvisioningStyle = Automatic;
						TestTargetID = 1118534D1FE94CAD00A1BAEF;
					};
					1118536C1FE94CAD00A1BAEF = {
						CreatedOnToolsVersion = 9.2;
						ProvisioningStyle = Automatic;
						TestTargetID = 1118534D1FE94CAD00A1BAEF;
					};
				};
			};
			buildConfigurationList = 111853491FE94CAD00A1BAEF /* Build configuration list for PBXProject "TicTacToe" */;
			compatibilityVersion = "Xcode 8.0";
			developmentRegion = en;
			hasScannedForEncodings = 0;
			knownRegions = (
				en,
				Base,
			);
			mainGroup = 111853451FE94CAD00A1BAEF;
			productRefGroup = 111853451FE94CAD00A1BAEF;
			projectDirPath = "";
			projectRoot = "";
			targets = (
				1118534D1FE94CAD00A1BAEF /* TicTacToe */,
				111853611FE94CAD00A1BAEF /* TicTacToeTests */,
				1118536C1FE94CAD00A1BAEF /* TicTacToeUITests */,
			);
		};
/* End PBXProject section */

/* Begin PBXResourcesBuildPhase section */
		1118534C1FE94CAD00A1BAEF /* Resources */ = {
			isa = PBXResourcesBuildPhase;
			buildActionMask = 2147483647;
			files = (
				111853861FEA9B9200A1BAEF /* X.png in Resources */,
				1118535C1FE94CAD00A1BAEF /* LaunchScreen.storyboard in Resources */,
				111853801FEA832B00A1BAEF /* Background.png in Resources */,
				111853591FE94CAD00A1BAEF /* Assets.xcassets in Resources */,
				111853571FE94CAD00A1BAEF /* Main.storyboard in Resources */,
				111853831FEA8FFC00A1BAEF /* O.png in Resources */,
			);
			runOnlyForDeploymentPostprocessing = 0;
		};
		111853601FE94CAD00A1BAEF /* Resources */ = {
			isa = PBXResourcesBuildPhase;
			buildActionMask = 2147483647;
			files = (
			);
			runOnlyForDeploymentPostprocessing = 0;
		};
		1118536B1FE94CAD00A1BAEF /* Resources */ = {
			isa = PBXResourcesBuildPhase;
			buildActionMask = 2147483647;
			files = (
			);
			runOnlyForDeploymentPostprocessing = 0;
		};
/* End PBXResourcesBuildPhase section */

/* Begin PBXSourcesBuildPhase section */
		1118534A1FE94CAD00A1BAEF /* Sources */ = {
			isa = PBXSourcesBuildPhase;
			buildActionMask = 2147483647;
			files = (
				111853541FE94CAD00A1BAEF /* ViewController.swift in Sources */,
				111853521FE94CAD00A1BAEF /* AppDelegate.swift in Sources */,
			);
			runOnlyForDeploymentPostprocessing = 0;
		};
		1118535E1FE94CAD00A1BAEF /* Sources */ = {
			isa = PBXSourcesBuildPhase;
			buildActionMask = 2147483647;
			files = (
			);
			runOnlyForDeploymentPostprocessing = 0;
		};
		111853691FE94CAD00A1BAEF /* Sources */ = {
			isa = PBXSourcesBuildPhase;
			buildActionMask = 2147483647;
			files = (
			);
			runOnlyForDeploymentPostprocessing = 0;
		};
/* End PBXSourcesBuildPhase section */

/* Begin PBXTargetDependency section */
		111853641FE94CAD00A1BAEF /* PBXTargetDependency */ = {
			isa = PBXTargetDependency;
			target = 1118534D1FE94CAD00A1BAEF /* TicTacToe */;
			targetProxy = 111853631FE94CAD00A1BAEF /* PBXContainerItemProxy */;
		};
		1118536F1FE94CAD00A1BAEF /* PBXTargetDependency */ = {
			isa = PBXTargetDependency;
			target = 1118534D1FE94CAD00A1BAEF /* TicTacToe */;
			targetProxy = 1118536E1FE94CAD00A1BAEF /* PBXContainerItemProxy */;
		};
/* End PBXTargetDependency section */

/* Begin PBXVariantGroup section */
		111853551FE94CAD00A1BAEF /* Main.storyboard */ = {
			isa = PBXVariantGroup;
			children = (
				111853561FE94CAD00A1BAEF /* Base */,
			);
			name = Main.storyboard;
			sourceTree = "<group>";
		};
		1118535A1FE94CAD00A1BAEF /* LaunchScreen.storyboard */ = {
			isa = PBXVariantGroup;
			children = (
				1118535B1FE94CAD00A1BAEF /* Base */,
			);
			name = LaunchScreen.storyboard;
			sourceTree = "<group>";
		};
/* End PBXVariantGroup section */

/* Begin XCBuildConfiguration section */
		111853741FE94CAD00A1BAEF /* Debug */ = {
			isa = XCBuildConfiguration;
			buildSettings = {
				ALWAYS_SEARCH_USER_PATHS = NO;
				CLANG_ANALYZER_NONNULL = YES;
				CLANG_ANALYZER_NUMBER_OBJECT_CONVERSION = YES_AGGRESSIVE;
				CLANG_CXX_LANGUAGE_STANDARD = "gnu++14";
				CLANG_CXX_LIBRARY = "libc++";
				CLANG_ENABLE_MODULES = YES;
				CLANG_ENABLE_OBJC_ARC = YES;
				CLANG_WARN_BLOCK_CAPTURE_AUTORELEASING = YES;
				CLANG_WARN_BOOL_CONVERSION = YES;
				CLANG_WARN_COMMA = YES;
				CLANG_WARN_CONSTANT_CONVERSION = YES;
				CLANG_WARN_DIRECT_OBJC_ISA_USAGE = YES_ERROR;
				CLANG_WARN_DOCUMENTATION_COMMENTS = YES;
				CLANG_WARN_EMPTY_BODY = YES;
				CLANG_WARN_ENUM_CONVERSION = YES;
				CLANG_WARN_INFINITE_RECURSION = YES;
				CLANG_WARN_INT_CONVERSION = YES;
				CLANG_WARN_NON_LITERAL_NULL_CONVERSION = YES;
				CLANG_WARN_OBJC_LITERAL_CONVERSION = YES;
				CLANG_WARN_OBJC_ROOT_CLASS = YES_ERROR;
				CLANG_WARN_RANGE_LOOP_ANALYSIS = YES;
				CLANG_WARN_STRICT_PROTOTYPES = YES;
				CLANG_WARN_SUSPICIOUS_MOVE = YES;
				CLANG_WARN_UNGUARDED_AVAILABILITY = YES_AGGRESSIVE;
				CLANG_WARN_UNREACHABLE_CODE = YES;
				CLANG_WARN__DUPLICATE_METHOD_MATCH = YES;
				CODE_SIGN_IDENTITY = "iPhone Developer";
				COPY_PHASE_STRIP = NO;
				DEBUG_INFORMATION_FORMAT = dwarf;
				ENABLE_STRICT_OBJC_MSGSEND = YES;
				ENABLE_TESTABILITY = YES;
				GCC_C_LANGUAGE_STANDARD = gnu11;
				GCC_DYNAMIC_NO_PIC = NO;
				GCC_NO_COMMON_BLOCKS = YES;
				GCC_OPTIMIZATION_LEVEL = 0;
				GCC_PREPROCESSOR_DEFINITIONS = (
					"DEBUG=1",
					"$(inherited)",
				);
				GCC_WARN_64_TO_32_BIT_CONVERSION = YES;
				GCC_WARN_ABOUT_RETURN_TYPE = YES_ERROR;
				GCC_WARN_UNDECLARED_SELECTOR = YES;
				GCC_WARN_UNINITIALIZED_AUTOS = YES_AGGRESSIVE;
				GCC_WARN_UNUSED_FUNCTION = YES;
				GCC_WARN_UNUSED_VARIABLE = YES;
				IPHONEOS_DEPLOYMENT_TARGET = 11.2;
				MTL_ENABLE_DEBUG_INFO = YES;
				ONLY_ACTIVE_ARCH = YES;
				SDKROOT = iphoneos;
				SWIFT_ACTIVE_COMPILATION_CONDITIONS = DEBUG;
				SWIFT_OPTIMIZATION_LEVEL = "-Onone";
			};
			name = Debug;
		};
		111853751FE94CAD00A1BAEF /* Release */ = {
			isa = XCBuildConfiguration;
			buildSettings = {
				ALWAYS_SEARCH_USER_PATHS = NO;
				CLANG_ANALYZER_NONNULL = YES;
				CLANG_ANALYZER_NUMBER_OBJECT_CONVERSION = YES_AGGRESSIVE;
				CLANG_CXX_LANGUAGE_STANDARD = "gnu++14";
				CLANG_CXX_LIBRARY = "libc++";
				CLANG_ENABLE_MODULES = YES;
				CLANG_ENABLE_OBJC_ARC = YES;
				CLANG_WARN_BLOCK_CAPTURE_AUTORELEASING = YES;
				CLANG_WARN_BOOL_CONVERSION = YES;
				CLANG_WARN_COMMA = YES;
				CLANG_WARN_CONSTANT_CONVERSION = YES;
				CLANG_WARN_DIRECT_OBJC_ISA_USAGE = YES_ERROR;
				CLANG_WARN_DOCUMENTATION_COMMENTS = YES;
				CLANG_WARN_EMPTY_BODY = YES;
				CLANG_WARN_ENUM_CONVERSION = YES;
				CLANG_WARN_INFINITE_RECURSION = YES;
				CLANG_WARN_INT_CONVERSION = YES;
				CLANG_WARN_NON_LITERAL_NULL_CONVERSION = YES;
				CLANG_WARN_OBJC_LITERAL_CONVERSION = YES;
				CLANG_WARN_OBJC_ROOT_CLASS = YES_ERROR;
				CLANG_WARN_RANGE_LOOP_ANALYSIS = YES;
				CLANG_WARN_STRICT_PROTOTYPES = YES;
				CLANG_WARN_SUSPICIOUS_MOVE = YES;
				CLANG_WARN_UNGUARDED_AVAILABILITY = YES_AGGRESSIVE;
				CLANG_WARN_UNREACHABLE_CODE = YES;
				CLANG_WARN__DUPLICATE_METHOD_MATCH = YES;
				CODE_SIGN_IDENTITY = "iPhone Developer";
				COPY_PHASE_STRIP = NO;
				DEBUG_INFORMATION_FORMAT = "dwarf-with-dsym";
				ENABLE_NS_ASSERTIONS = NO;
				ENABLE_STRICT_OBJC_MSGSEND = YES;
				GCC_C_LANGUAGE_STANDARD = gnu11;
				GCC_NO_COMMON_BLOCKS = YES;
				GCC_WARN_64_TO_32_BIT_CONVERSION = YES;
				GCC_WARN_ABOUT_RETURN_TYPE = YES_ERROR;
				GCC_WARN_UNDECLARED_SELECTOR = YES;
				GCC_WARN_UNINITIALIZED_AUTOS = YES_AGGRESSIVE;
				GCC_WARN_UNUSED_FUNCTION = YES;
				GCC_WARN_UNUSED_VARIABLE = YES;
				IPHONEOS_DEPLOYMENT_TARGET = 11.2;
				MTL_ENABLE_DEBUG_INFO = NO;
				SDKROOT = iphoneos;
				SWIFT_OPTIMIZATION_LEVEL = "-Owholemodule";
				VALIDATE_PRODUCT = YES;
			};
			name = Release;
		};
		111853771FE94CAD00A1BAEF /* Debug */ = {
			isa = XCBuildConfiguration;
			buildSettings = {
				ASSETCATALOG_COMPILER_APPICON_NAME = AppIcon;
				CODE_SIGN_STYLE = Automatic;
				DEVELOPMENT_TEAM = PPD35CQVUD;
				INFOPLIST_FILE = TicTacToe/Info.plist;
				IPHONEOS_DEPLOYMENT_TARGET = 11.1;
				LD_RUNPATH_SEARCH_PATHS = "$(inherited) @executable_path/Frameworks";
				PRODUCT_BUNDLE_IDENTIFIER = "Junsu-Mun.TicTacToe";
				PRODUCT_NAME = "$(TARGET_NAME)";
				SWIFT_VERSION = 4.0;
				TARGETED_DEVICE_FAMILY = "1,2";
			};
			name = Debug;
		};
		111853781FE94CAD00A1BAEF /* Release */ = {
			isa = XCBuildConfiguration;
			buildSettings = {
				ASSETCATALOG_COMPILER_APPICON_NAME = AppIcon;
				CODE_SIGN_STYLE = Automatic;
				DEVELOPMENT_TEAM = PPD35CQVUD;
				INFOPLIST_FILE = TicTacToe/Info.plist;
				IPHONEOS_DEPLOYMENT_TARGET = 11.1;
				LD_RUNPATH_SEARCH_PATHS = "$(inherited) @executable_path/Frameworks";
				PRODUCT_BUNDLE_IDENTIFIER = "Junsu-Mun.TicTacToe";
				PRODUCT_NAME = "$(TARGET_NAME)";
				SWIFT_VERSION = 4.0;
				TARGETED_DEVICE_FAMILY = "1,2";
			};
			name = Release;
		};
		1118537A1FE94CAD00A1BAEF /* Debug */ = {
			isa = XCBuildConfiguration;
			buildSettings = {
				ALWAYS_EMBED_SWIFT_STANDARD_LIBRARIES = YES;
				BUNDLE_LOADER = "$(TEST_HOST)";
				CODE_SIGN_STYLE = Automatic;
				DEVELOPMENT_TEAM = PPD35CQVUD;
				INFOPLIST_FILE = TicTacToeTests/Info.plist;
				LD_RUNPATH_SEARCH_PATHS = "$(inherited) @executable_path/Frameworks @loader_path/Frameworks";
				PRODUCT_BUNDLE_IDENTIFIER = "Junsu-Mun.TicTacToeTests";
				PRODUCT_NAME = "$(TARGET_NAME)";
				SWIFT_VERSION = 4.0;
				TARGETED_DEVICE_FAMILY = "1,2";
				TEST_HOST = "$(BUILT_PRODUCTS_DIR)/TicTacToe.app/TicTacToe";
			};
			name = Debug;
		};
		1118537B1FE94CAD00A1BAEF /* Release */ = {
			isa = XCBuildConfiguration;
			buildSettings = {
				ALWAYS_EMBED_SWIFT_STANDARD_LIBRARIES = YES;
				BUNDLE_LOADER = "$(TEST_HOST)";
				CODE_SIGN_STYLE = Automatic;
				DEVELOPMENT_TEAM = PPD35CQVUD;
				INFOPLIST_FILE = TicTacToeTests/Info.plist;
				LD_RUNPATH_SEARCH_PATHS = "$(inherited) @executable_path/Frameworks @loader_path/Frameworks";
				PRODUCT_BUNDLE_IDENTIFIER = "Junsu-Mun.TicTacToeTests";
				PRODUCT_NAME = "$(TARGET_NAME)";
				SWIFT_VERSION = 4.0;
				TARGETED_DEVICE_FAMILY = "1,2";
				TEST_HOST = "$(BUILT_PRODUCTS_DIR)/TicTacToe.app/TicTacToe";
			};
			name = Release;
		};
		1118537D1FE94CAD00A1BAEF /* Debug */ = {
			isa = XCBuildConfiguration;
			buildSettings = {
				ALWAYS_EMBED_SWIFT_STANDARD_LIBRARIES = YES;
				CODE_SIGN_STYLE = Automatic;
				DEVELOPMENT_TEAM = PPD35CQVUD;
				INFOPLIST_FILE = TicTacToeUITests/Info.plist;
				LD_RUNPATH_SEARCH_PATHS = "$(inherited) @executable_path/Frameworks @loader_path/Frameworks";
				PRODUCT_BUNDLE_IDENTIFIER = "Junsu-Mun.TicTacToeUITests";
				PRODUCT_NAME = "$(TARGET_NAME)";
				SWIFT_VERSION = 4.0;
				TARGETED_DEVICE_FAMILY = "1,2";
				TEST_TARGET_NAME = TicTacToe;
			};
			name = Debug;
		};
		1118537E1FE94CAD00A1BAEF /* Release */ = {
			isa = XCBuildConfiguration;
			buildSettings = {
				ALWAYS_EMBED_SWIFT_STANDARD_LIBRARIES = YES;
				CODE_SIGN_STYLE = Automatic;
				DEVELOPMENT_TEAM = PPD35CQVUD;
				INFOPLIST_FILE = TicTacToeUITests/Info.plist;
				LD_RUNPATH_SEARCH_PATHS = "$(inherited) @executable_path/Frameworks @loader_path/Frameworks";
				PRODUCT_BUNDLE_IDENTIFIER = "Junsu-Mun.TicTacToeUITests";
				PRODUCT_NAME = "$(TARGET_NAME)";
				SWIFT_VERSION = 4.0;
				TARGETED_DEVICE_FAMILY = "1,2";
				TEST_TARGET_NAME = TicTacToe;
			};
			name = Release;
		};
/* End XCBuildConfiguration section */

/* Begin XCConfigurationList section */
		111853491FE94CAD00A1BAEF /* Build configuration list for PBXProject "TicTacToe" */ = {
			isa = XCConfigurationList;
			buildConfigurations = (
				111853741FE94CAD00A1BAEF /* Debug */,
				111853751FE94CAD00A1BAEF /* Release */,
			);
			defaultConfigurationIsVisible = 0;
			defaultConfigurationName = Release;
		};
		111853761FE94CAD00A1BAEF /* Build configuration list for PBXNativeTarget "TicTacToe" */ = {
			isa = XCConfigurationList;
			buildConfigurations = (
				111853771FE94CAD00A1BAEF /* Debug */,
				111853781FE94CAD00A1BAEF /* Release */,
			);
			defaultConfigurationIsVisible = 0;
			defaultConfigurationName = Release;
		};
		111853791FE94CAD00A1BAEF /* Build configuration list for PBXNativeTarget "TicTacToeTests" */ = {
			isa = XCConfigurationList;
			buildConfigurations = (
				1118537A1FE94CAD00A1BAEF /* Debug */,
				1118537B1FE94CAD00A1BAEF /* Release */,
			);
			defaultConfigurationIsVisible = 0;
			defaultConfigurationName = Release;
		};
		1118537C1FE94CAD00A1BAEF /* Build configuration list for PBXNativeTarget "TicTacToeUITests" */ = {
			isa = XCConfigurationList;
			buildConfigurations = (
				1118537D1FE94CAD00A1BAEF /* Debug */,
				1118537E1FE94CAD00A1BAEF /* Release */,
			);
			defaultConfigurationIsVisible = 0;
			defaultConfigurationName = Release;
		};
/* End XCConfigurationList section */
	};
	rootObject = 111853461FE94CAD00A1BAEF /* Project object */;
}
